
Microsoft Visual Studio Solution File, Format Version 12.00
Project("{FAE04EC0-301F-11D3-BF4B-00C04F79EFBC}") = "Maeve", "Maeve\Maeve.csproj", "{414C839D-24D1-41C7-B77C-8329C7E3650C}"
EndProject
Project("{2150E333-8FDC-42A3-9474-1A3956D46DE8}") = "Solution Items", "Solution Items", "{F4A45596-C8EE-4732-A571-9B8BA2194869}"
	ProjectSection(SolutionItems) = preProject
		docker-compose.yaml = docker-compose.yaml
		docker-compose.dev.yaml = docker-compose.dev.yaml
	EndProjectSection
EndProject
Project("{2150E333-8FDC-42A3-9474-1A3956D46DE8}") = "MCP servers", "MCP servers", "{03FFAB54-CF52-4538-B2C8-139AEB463D8C}"
EndProject
Project("{2150E333-8FDC-42A3-9474-1A3956D46DE8}") = "hue-mcp", "hue-mcp", "{9B849E54-7770-4796-8F13-CB1196E740D9}"
	ProjectSection(SolutionItems) = preProject
		mcp-servers\hue-mcp\README.md = mcp-servers\hue-mcp\README.md
		mcp-servers\hue-mcp\config.example.json = mcp-servers\hue-mcp\config.example.json
		mcp-servers\hue-mcp\config.json = mcp-servers\hue-mcp\config.json
		mcp-servers\hue-mcp\Dockerfile = mcp-servers\hue-mcp\Dockerfile
	EndProjectSection
EndProject
Project("{2150E333-8FDC-42A3-9474-1A3956D46DE8}") = "rag-mcp-server", "rag-mcp-server", "{EEEFE5DE-B3D8-4862-8664-7E703489255A}"
	ProjectSection(SolutionItems) = preProject
		mcp-servers\rag-mcp-server\pyproject.toml = mcp-servers\rag-mcp-server\pyproject.toml
		mcp-servers\rag-mcp-server\Dockerfile = mcp-servers\rag-mcp-server\Dockerfile
		mcp-servers\rag-mcp-server\main.py = mcp-servers\rag-mcp-server\main.py
		mcp-servers\rag-mcp-server\uv.lock = mcp-servers\rag-mcp-server\uv.lock
		mcp-servers\rag-mcp-server\README.md = mcp-servers\rag-mcp-server\README.md
	EndProjectSection
EndProject
Project("{FAE04EC0-301F-11D3-BF4B-00C04F79EFBC}") = "Maeve.AppHost", "Maeve.AppHost\Maeve.AppHost.csproj", "{58D3313E-9A25-451B-8432-DB74AA4AA65A}"
EndProject
Project("{FAE04EC0-301F-11D3-BF4B-00C04F79EFBC}") = "Maeve.ServiceDefaults", "Maeve.ServiceDefaults\Maeve.ServiceDefaults.csproj", "{A1899273-EF25-4A2F-A8BF-D43FD3D815F2}"
EndProject
Global
	GlobalSection(SolutionConfigurationPlatforms) = preSolution
		Debug|Any CPU = Debug|Any CPU
		Debug|x64 = Debug|x64
		Debug|x86 = Debug|x86
		Release|Any CPU = Release|Any CPU
		Release|x64 = Release|x64
		Release|x86 = Release|x86
	EndGlobalSection
	GlobalSection(ProjectConfigurationPlatforms) = postSolution
		{414C839D-24D1-41C7-B77C-8329C7E3650C}.Debug|Any CPU.ActiveCfg = Debug|Any CPU
		{414C839D-24D1-41C7-B77C-8329C7E3650C}.Debug|Any CPU.Build.0 = Debug|Any CPU
		{414C839D-24D1-41C7-B77C-8329C7E3650C}.Debug|x64.ActiveCfg = Debug|Any CPU
		{414C839D-24D1-41C7-B77C-8329C7E3650C}.Debug|x64.Build.0 = Debug|Any CPU
		{414C839D-24D1-41C7-B77C-8329C7E3650C}.Debug|x86.ActiveCfg = Debug|Any CPU
		{414C839D-24D1-41C7-B77C-8329C7E3650C}.Debug|x86.Build.0 = Debug|Any CPU
		{414C839D-24D1-41C7-B77C-8329C7E3650C}.Release|Any CPU.ActiveCfg = Release|Any CPU
		{414C839D-24D1-41C7-B77C-8329C7E3650C}.Release|Any CPU.Build.0 = Release|Any CPU
		{414C839D-24D1-41C7-B77C-8329C7E3650C}.Release|x64.ActiveCfg = Release|Any CPU
		{414C839D-24D1-41C7-B77C-8329C7E3650C}.Release|x64.Build.0 = Release|Any CPU
		{414C839D-24D1-41C7-B77C-8329C7E3650C}.Release|x86.ActiveCfg = Release|Any CPU
		{414C839D-24D1-41C7-B77C-8329C7E3650C}.Release|x86.Build.0 = Release|Any CPU
		{58D3313E-9A25-451B-8432-DB74AA4AA65A}.Debug|Any CPU.ActiveCfg = Debug|Any CPU
		{58D3313E-9A25-451B-8432-DB74AA4AA65A}.Debug|Any CPU.Build.0 = Debug|Any CPU
		{58D3313E-9A25-451B-8432-DB74AA4AA65A}.Debug|x64.ActiveCfg = Debug|Any CPU
		{58D3313E-9A25-451B-8432-DB74AA4AA65A}.Debug|x64.Build.0 = Debug|Any CPU
		{58D3313E-9A25-451B-8432-DB74AA4AA65A}.Debug|x86.ActiveCfg = Debug|Any CPU
		{58D3313E-9A25-451B-8432-DB74AA4AA65A}.Debug|x86.Build.0 = Debug|Any CPU
		{58D3313E-9A25-451B-8432-DB74AA4AA65A}.Release|Any CPU.ActiveCfg = Release|Any CPU
		{58D3313E-9A25-451B-8432-DB74AA4AA65A}.Release|Any CPU.Build.0 = Release|Any CPU
		{58D3313E-9A25-451B-8432-DB74AA4AA65A}.Release|x64.ActiveCfg = Release|Any CPU
		{58D3313E-9A25-451B-8432-DB74AA4AA65A}.Release|x64.Build.0 = Release|Any CPU
		{58D3313E-9A25-451B-8432-DB74AA4AA65A}.Release|x86.ActiveCfg = Release|Any CPU
		{58D3313E-9A25-451B-8432-DB74AA4AA65A}.Release|x86.Build.0 = Release|Any CPU
		{A1899273-EF25-4A2F-A8BF-D43FD3D815F2}.Debug|Any CPU.ActiveCfg = Debug|Any CPU
		{A1899273-EF25-4A2F-A8BF-D43FD3D815F2}.Debug|Any CPU.Build.0 = Debug|Any CPU
		{A1899273-EF25-4A2F-A8BF-D43FD3D815F2}.Debug|x64.ActiveCfg = Debug|Any CPU
		{A1899273-EF25-4A2F-A8BF-D43FD3D815F2}.Debug|x64.Build.0 = Debug|Any CPU
		{A1899273-EF25-4A2F-A8BF-D43FD3D815F2}.Debug|x86.ActiveCfg = Debug|Any CPU
		{A1899273-EF25-4A2F-A8BF-D43FD3D815F2}.Debug|x86.Build.0 = Debug|Any CPU
		{A1899273-EF25-4A2F-A8BF-D43FD3D815F2}.Release|Any CPU.ActiveCfg = Release|Any CPU
		{A1899273-EF25-4A2F-A8BF-D43FD3D815F2}.Release|Any CPU.Build.0 = Release|Any CPU
		{A1899273-EF25-4A2F-A8BF-D43FD3D815F2}.Release|x64.ActiveCfg = Release|Any CPU
		{A1899273-EF25-4A2F-A8BF-D43FD3D815F2}.Release|x64.Build.0 = Release|Any CPU
		{A1899273-EF25-4A2F-A8BF-D43FD3D815F2}.Release|x86.ActiveCfg = Release|Any CPU
		{A1899273-EF25-4A2F-A8BF-D43FD3D815F2}.Release|x86.Build.0 = Release|Any CPU
	EndGlobalSection
	GlobalSection(SolutionProperties) = preSolution
		HideSolutionNode = FALSE
	EndGlobalSection
	GlobalSection(NestedProjects) = preSolution
		{03FFAB54-CF52-4538-B2C8-139AEB463D8C} = {F4A45596-C8EE-4732-A571-9B8BA2194869}
		{9B849E54-7770-4796-8F13-CB1196E740D9} = {03FFAB54-CF52-4538-B2C8-139AEB463D8C}
		{EEEFE5DE-B3D8-4862-8664-7E703489255A} = {03FFAB54-CF52-4538-B2C8-139AEB463D8C}
	EndGlobalSection
EndGlobal
